// !$*UTF8*$!
{
	archiveVersion = 1;
	classes = {
	};
	objectVersion = 46;
	objects = {

/* Begin PBXBuildFile section */
		652D91381AED01930025E8A8 /* AppDelegate.swift in Sources */ = {isa = PBXBuildFile; fileRef = 652D91371AED01930025E8A8 /* AppDelegate.swift */; };
		652D913A1AED01930025E8A8 /* ViewController.swift in Sources */ = {isa = PBXBuildFile; fileRef = 652D91391AED01930025E8A8 /* ViewController.swift */; };
		652D913D1AED01930025E8A8 /* Main.storyboard in Resources */ = {isa = PBXBuildFile; fileRef = 652D913B1AED01930025E8A8 /* Main.storyboard */; };
		652D913F1AED01930025E8A8 /* Images.xcassets in Resources */ = {isa = PBXBuildFile; fileRef = 652D913E1AED01930025E8A8 /* Images.xcassets */; };
		652D91421AED01930025E8A8 /* LaunchScreen.xib in Resources */ = {isa = PBXBuildFile; fileRef = 652D91401AED01930025E8A8 /* LaunchScreen.xib */; };
		652D914E1AED01930025E8A8 /* PushChatTests.swift in Sources */ = {isa = PBXBuildFile; fileRef = 652D914D1AED01930025E8A8 /* PushChatTests.swift */; };
/* End PBXBuildFile section */

/* Begin PBXContainerItemProxy section */
		652D91481AED01930025E8A8 /* PBXContainerItemProxy */ = {
			isa = PBXContainerItemProxy;
			containerPortal = 652D912A1AED01930025E8A8 /* Project object */;
			proxyType = 1;
			remoteGlobalIDString = 652D91311AED01930025E8A8;
			remoteInfo = PushChat;
		};
/* End PBXContainerItemProxy section */

/* Begin PBXFileReference section */
		652D91321AED01930025E8A8 /* PushChat.app */ = {isa = PBXFileReference; explicitFileType = wrapper.application; includeInIndex = 0; path = PushChat.app; sourceTree = BUILT_PRODUCTS_DIR; };
		652D91361AED01930025E8A8 /* Info.plist */ = {isa = PBXFileReference; lastKnownFileType = text.plist.xml; path = Info.plist; sourceTree = "<group>"; };
		652D91371AED01930025E8A8 /* AppDelegate.swift */ = {isa = PBXFileReference; lastKnownFileType = sourcecode.swift; path = AppDelegate.swift; sourceTree = "<group>"; };
		652D91391AED01930025E8A8 /* ViewController.swift */ = {isa = PBXFileReference; lastKnownFileType = sourcecode.swift; path = ViewController.swift; sourceTree = "<group>"; };
		652D913C1AED01930025E8A8 /* Base */ = {isa = PBXFileReference; lastKnownFileType = file.storyboard; name = Base; path = Base.lproj/Main.storyboard; sourceTree = "<group>"; };
		652D913E1AED01930025E8A8 /* Images.xcassets */ = {isa = PBXFileReference; lastKnownFileType = folder.assetcatalog; path = Images.xcassets; sourceTree = "<group>"; };
		652D91411AED01930025E8A8 /* Base */ = {isa = PBXFileReference; lastKnownFileType = file.xib; name = Base; path = Base.lproj/LaunchScreen.xib; sourceTree = "<group>"; };
		652D91471AED01930025E8A8 /* PushChatTests.xctest */ = {isa = PBXFileReference; explicitFileType = wrapper.cfbundle; includeInIndex = 0; path = PushChatTests.xctest; sourceTree = BUILT_PRODUCTS_DIR; };
		652D914C1AED01930025E8A8 /* Info.plist */ = {isa = PBXFileReference; lastKnownFileType = text.plist.xml; path = Info.plist; sourceTree = "<group>"; };
		652D914D1AED01930025E8A8 /* PushChatTests.swift */ = {isa = PBXFileReference; lastKnownFileType = sourcecode.swift; path = PushChatTests.swift; sourceTree = "<group>"; };
/* End PBXFileReference section */

/* Begin PBXFrameworksBuildPhase section */
		652D912F1AED01930025E8A8 /* Frameworks */ = {
			isa = PBXFrameworksBuildPhase;
			buildActionMask = 2147483647;
			files = (
			);
			runOnlyForDeploymentPostprocessing = 0;
		};
		652D91441AED01930025E8A8 /* Frameworks */ = {
			isa = PBXFrameworksBuildPhase;
			buildActionMask = 2147483647;
			files = (
			);
			runOnlyForDeploymentPostprocessing = 0;
		};
/* End PBXFrameworksBuildPhase section */

/* Begin PBXGroup section */
		652D91291AED01930025E8A8 = {
			isa = PBXGroup;
			children = (
				652D91341AED01930025E8A8 /* PushChat */,
				652D914A1AED01930025E8A8 /* PushChatTests */,
				652D91331AED01930025E8A8 /* Products */,
			);
			sourceTree = "<group>";
		};
		652D91331AED01930025E8A8 /* Products */ = {
			isa = PBXGroup;
			children = (
				652D91321AED01930025E8A8 /* PushChat.app */,
				652D91471AED01930025E8A8 /* PushChatTests.xctest */,
			);
			name = Products;
			sourceTree = "<group>";
		};
		652D91341AED01930025E8A8 /* PushChat */ = {
			isa = PBXGroup;
			children = (
				652D91371AED01930025E8A8 /* AppDelegate.swift */,
				652D91391AED01930025E8A8 /* ViewController.swift */,
				652D913B1AED01930025E8A8 /* Main.storyboard */,
				652D913E1AED01930025E8A8 /* Images.xcassets */,
				652D91401AED01930025E8A8 /* LaunchScreen.xib */,
				652D91351AED01930025E8A8 /* Supporting Files */,
			);
			path = PushChat;
			sourceTree = "<group>";
		};
		652D91351AED01930025E8A8 /* Supporting Files */ = {
			isa = PBXGroup;
			children = (
				652D91361AED01930025E8A8 /* Info.plist */,
			);
			name = "Supporting Files";
			sourceTree = "<group>";
		};
		652D914A1AED01930025E8A8 /* PushChatTests */ = {
			isa = PBXGroup;
			children = (
				652D914D1AED01930025E8A8 /* PushChatTests.swift */,
				652D914B1AED01930025E8A8 /* Supporting Files */,
			);
			path = PushChatTests;
			sourceTree = "<group>";
		};
		652D914B1AED01930025E8A8 /* Supporting Files */ = {
			isa = PBXGroup;
			children = (
				652D914C1AED01930025E8A8 /* Info.plist */,
			);
			name = "Supporting Files";
			sourceTree = "<group>";
		};
/* End PBXGroup section */

/* Begin PBXNativeTarget section */
		652D91311AED01930025E8A8 /* PushChat */ = {
			isa = PBXNativeTarget;
			buildConfigurationList = 652D91511AED01930025E8A8 /* Build configuration list for PBXNativeTarget "PushChat" */;
			buildPhases = (
				652D912E1AED01930025E8A8 /* Sources */,
				652D912F1AED01930025E8A8 /* Frameworks */,
				652D91301AED01930025E8A8 /* Resources */,
			);
			buildRules = (
			);
			dependencies = (
			);
			name = PushChat;
			productName = PushChat;
			productReference = 652D91321AED01930025E8A8 /* PushChat.app */;
			productType = "com.apple.product-type.application";
		};
		652D91461AED01930025E8A8 /* PushChatTests */ = {
			isa = PBXNativeTarget;
			buildConfigurationList = 652D91541AED01930025E8A8 /* Build configuration list for PBXNativeTarget "PushChatTests" */;
			buildPhases = (
				652D91431AED01930025E8A8 /* Sources */,
				652D91441AED01930025E8A8 /* Frameworks */,
				652D91451AED01930025E8A8 /* Resources */,
			);
			buildRules = (
			);
			dependencies = (
				652D91491AED01930025E8A8 /* PBXTargetDependency */,
			);
			name = PushChatTests;
			productName = PushChatTests;
			productReference = 652D91471AED01930025E8A8 /* PushChatTests.xctest */;
			productType = "com.apple.product-type.bundle.unit-test";
		};
/* End PBXNativeTarget section */

/* Begin PBXProject section */
		652D912A1AED01930025E8A8 /* Project object */ = {
			isa = PBXProject;
			attributes = {
				LastUpgradeCheck = 0630;
				ORGANIZATIONNAME = Crazy8Dev;
				TargetAttributes = {
					652D91311AED01930025E8A8 = {
						CreatedOnToolsVersion = 6.3.1;
					};
					652D91461AED01930025E8A8 = {
						CreatedOnToolsVersion = 6.3.1;
						TestTargetID = 652D91311AED01930025E8A8;
					};
				};
			};
			buildConfigurationList = 652D912D1AED01930025E8A8 /* Build configuration list for PBXProject "PushChat" */;
			compatibilityVersion = "Xcode 3.2";
			developmentRegion = English;
			hasScannedForEncodings = 0;
			knownRegions = (
				en,
				Base,
			);
			mainGroup = 652D91291AED01930025E8A8;
			productRefGroup = 652D91331AED01930025E8A8 /* Products */;
			projectDirPath = "";
			projectRoot = "";
			targets = (
				652D91311AED01930025E8A8 /* PushChat */,
				652D91461AED01930025E8A8 /* PushChatTests */,
			);
		};
/* End PBXProject section */

/* Begin PBXResourcesBuildPhase section */
		652D91301AED01930025E8A8 /* Resources */ = {
			isa = PBXResourcesBuildPhase;
			buildActionMask = 2147483647;
			files = (
				652D913D1AED01930025E8A8 /* Main.storyboard in Resources */,
				652D91421AED01930025E8A8 /* LaunchScreen.xib in Resources */,
				652D913F1AED01930025E8A8 /* Images.xcassets in Resources */,
			);
			runOnlyForDeploymentPostprocessing = 0;
		};
		652D91451AED01930025E8A8 /* Resources */ = {
			isa = PBXResourcesBuildPhase;
			buildActionMask = 2147483647;
			files = (
			);
			runOnlyForDeploymentPostprocessing = 0;
		};
/* End PBXResourcesBuildPhase section */

/* Begin PBXSourcesBuildPhase section */
		652D912E1AED01930025E8A8 /* Sources */ = {
			isa = PBXSourcesBuildPhase;
			buildActionMask = 2147483647;
			files = (
				652D913A1AED01930025E8A8 /* ViewController.swift in Sources */,
				652D91381AED01930025E8A8 /* AppDelegate.swift in Sources */,
			);
			runOnlyForDeploymentPostprocessing = 0;
		};
		652D91431AED01930025E8A8 /* Sources */ = {
			isa = PBXSourcesBuildPhase;
			buildActionMask = 2147483647;
			files = (
				652D914E1AED01930025E8A8 /* PushChatTests.swift in Sources */,
			);
			runOnlyForDeploymentPostprocessing = 0;
		};
/* End PBXSourcesBuildPhase section */

/* Begin PBXTargetDependency section */
		652D91491AED01930025E8A8 /* PBXTargetDependency */ = {
			isa = PBXTargetDependency;
			target = 652D91311AED01930025E8A8 /* PushChat */;
			targetProxy = 652D91481AED01930025E8A8 /* PBXContainerItemProxy */;
		};
/* End PBXTargetDependency section */

/* Begin PBXVariantGroup section */
		652D913B1AED01930025E8A8 /* Main.storyboard */ = {
			isa = PBXVariantGroup;
			children = (
				652D913C1AED01930025E8A8 /* Base */,
			);
			name = Main.storyboard;
			sourceTree = "<group>";
		};
		652D91401AED01930025E8A8 /* LaunchScreen.xib */ = {
			isa = PBXVariantGroup;
			children = (
				652D91411AED01930025E8A8 /* Base */,
			);
			name = LaunchScreen.xib;
			sourceTree = "<group>";
		};
/* End PBXVariantGroup section */

/* Begin XCBuildConfiguration section */
		652D914F1AED01930025E8A8 /* Debug */ = {
			isa = XCBuildConfiguration;
			buildSettings = {
				ALWAYS_SEARCH_USER_PATHS = NO;
				CLANG_CXX_LANGUAGE_STANDARD = "gnu++0x";
				CLANG_CXX_LIBRARY = "libc++";
				CLANG_ENABLE_MODULES = YES;
				CLANG_ENABLE_OBJC_ARC = YES;
				CLANG_WARN_BOOL_CONVERSION = YES;
				CLANG_WARN_CONSTANT_CONVERSION = YES;
				CLANG_WARN_DIRECT_OBJC_ISA_USAGE = YES_ERROR;
				CLANG_WARN_EMPTY_BODY = YES;
				CLANG_WARN_ENUM_CONVERSION = YES;
				CLANG_WARN_INT_CONVERSION = YES;
				CLANG_WARN_OBJC_ROOT_CLASS = YES_ERROR;
				CLANG_WARN_UNREACHABLE_CODE = YES;
				CLANG_WARN__DUPLICATE_METHOD_MATCH = YES;
				"CODE_SIGN_IDENTITY[sdk=iphoneos*]" = "iPhone Developer";
				COPY_PHASE_STRIP = NO;
				DEBUG_INFORMATION_FORMAT = "dwarf-with-dsym";
				ENABLE_STRICT_OBJC_MSGSEND = YES;
				GCC_C_LANGUAGE_STANDARD = gnu99;
				GCC_DYNAMIC_NO_PIC = NO;
				GCC_NO_COMMON_BLOCKS = YES;
				GCC_OPTIMIZATION_LEVEL = 0;
				GCC_PREPROCESSOR_DEFINITIONS = (
					"DEBUG=1",
					"$(inherited)",
				);
				GCC_SYMBOLS_PRIVATE_EXTERN = NO;
				GCC_WARN_64_TO_32_BIT_CONVERSION = YES;
				GCC_WARN_ABOUT_RETURN_TYPE = YES_ERROR;
				GCC_WARN_UNDECLARED_SELECTOR = YES;
				GCC_WARN_UNINITIALIZED_AUTOS = YES_AGGRESSIVE;
				GCC_WARN_UNUSED_FUNCTION = YES;
				GCC_WARN_UNUSED_VARIABLE = YES;
				IPHONEOS_DEPLOYMENT_TARGET = 8.3;
				MTL_ENABLE_DEBUG_INFO = YES;
				ONLY_ACTIVE_ARCH = YES;
				SDKROOT = iphoneos;
				SWIFT_OPTIMIZATION_LEVEL = "-Onone";
			};
			name = Debug;
		};
		652D91501AED01930025E8A8 /* Release */ = {
			isa = XCBuildConfiguration;
			buildSettings = {
				ALWAYS_SEARCH_USER_PATHS = NO;
				CLANG_CXX_LANGUAGE_STANDARD = "gnu++0x";
				CLANG_CXX_LIBRARY = "libc++";
				CLANG_ENABLE_MODULES = YES;
				CLANG_ENABLE_OBJC_ARC = YES;
				CLANG_WARN_BOOL_CONVERSION = YES;
				CLANG_WARN_CONSTANT_CONVERSION = YES;
				CLANG_WARN_DIRECT_OBJC_ISA_USAGE = YES_ERROR;
				CLANG_WARN_EMPTY_BODY = YES;
				CLANG_WARN_ENUM_CONVERSION = YES;
				CLANG_WARN_INT_CONVERSION = YES;
				CLANG_WARN_OBJC_ROOT_CLASS = YES_ERROR;
				CLANG_WARN_UNREACHABLE_CODE = YES;
				CLANG_WARN__DUPLICATE_METHOD_MATCH = YES;
				"CODE_SIGN_IDENTITY[sdk=iphoneos*]" = "iPhone Developer";
				COPY_PHASE_STRIP = NO;
				DEBUG_INFORMATION_FORMAT = "dwarf-with-dsym";
				ENABLE_NS_ASSERTIONS = NO;
				ENABLE_STRICT_OBJC_MSGSEND = YES;
				GCC_C_LANGUAGE_STANDARD = gnu99;
				GCC_NO_COMMON_BLOCKS = YES;
				GCC_WARN_64_TO_32_BIT_CONVERSION = YES;
				GCC_WARN_ABOUT_RETURN_TYPE = YES_ERROR;
				GCC_WARN_UNDECLARED_SELECTOR = YES;
				GCC_WARN_UNINITIALIZED_AUTOS = YES_AGGRESSIVE;
				GCC_WARN_UNUSED_FUNCTION = YES;
				GCC_WARN_UNUSED_VARIABLE = YES;
				IPHONEOS_DEPLOYMENT_TARGET = 8.3;
				MTL_ENABLE_DEBUG_INFO = NO;
				SDKROOT = iphoneos;
				VALIDATE_PRODUCT = YES;
			};
			name = Release;
		};
		652D91521AED01930025E8A8 /* Debug */ = {
			isa = XCBuildConfiguration;
			buildSettings = {
				ASSETCATALOG_COMPILER_APPICON_NAME = AppIcon;
				INFOPLIST_FILE = PushChat/Info.plist;
				LD_RUNPATH_SEARCH_PATHS = "$(inherited) @executable_path/Frameworks";
				PRODUCT_NAME = "$(TARGET_NAME)";
			};
			name = Debug;
		};
		652D91531AED01930025E8A8 /* Release */ = {
			isa = XCBuildConfiguration;
			buildSettings = {
				ASSETCATALOG_COMPILER_APPICON_NAME = AppIcon;
				INFOPLIST_FILE = PushChat/Info.plist;
				LD_RUNPATH_SEARCH_PATHS = "$(inherited) @executable_path/Frameworks";
				PRODUCT_NAME = "$(TARGET_NAME)";
			};
			name = Release;
		};
		652D91551AED01930025E8A8 /* Debug */ = {
			isa = XCBuildConfiguration;
			buildSettings = {
				BUNDLE_LOADER = "$(TEST_HOST)";
				FRAMEWORK_SEARCH_PATHS = (
					"$(SDKROOT)/Developer/Library/Frameworks",
					"$(inherited)",
				);
				GCC_PREPROCESSOR_DEFINITIONS = (
					"DEBUG=1",
					"$(inherited)",
				);
				INFOPLIST_FILE = PushChatTests/Info.plist;
				LD_RUNPATH_SEARCH_PATHS = "$(inherited) @executable_path/Frameworks @loader_path/Frameworks";
				PRODUCT_NAME = "$(TARGET_NAME)";
				TEST_HOST = "$(BUILT_PRODUCTS_DIR)/PushChat.app/PushChat";
			};
			name = Debug;
		};
		652D91561AED01930025E8A8 /* Release */ = {
			isa = XCBuildConfiguration;
			buildSettings = {
				BUNDLE_LOADER = "$(TEST_HOST)";
				FRAMEWORK_SEARCH_PATHS = (
					"$(SDKROOT)/Developer/Library/Frameworks",
					"$(inherited)",
				);
				INFOPLIST_FILE = PushChatTests/Info.plist;
				LD_RUNPATH_SEARCH_PATHS = "$(inherited) @executable_path/Frameworks @loader_path/Frameworks";
				PRODUCT_NAME = "$(TARGET_NAME)";
				TEST_HOST = "$(BUILT_PRODUCTS_DIR)/PushChat.app/PushChat";
			};
			name = Release;
		};
/* End XCBuildConfiguration section */

/* Begin XCConfigurationList section */
		652D912D1AED01930025E8A8 /* Build configuration list for PBXProject "PushChat" */ = {
			isa = XCConfigurationList;
			buildConfigurations = (
				652D914F1AED01930025E8A8 /* Debug */,
				652D91501AED01930025E8A8 /* Release */,
			);
			defaultConfigurationIsVisible = 0;
			defaultConfigurationName = Release;
		};
		652D91511AED01930025E8A8 /* Build configuration list for PBXNativeTarget "PushChat" */ = {
			isa = XCConfigurationList;
			buildConfigurations = (
				652D91521AED01930025E8A8 /* Debug */,
				652D91531AED01930025E8A8 /* Release */,
			);
			defaultConfigurationIsVisible = 0;
		};
		652D91541AED01930025E8A8 /* Build configuration list for PBXNativeTarget "PushChatTests" */ = {
			isa = XCConfigurationList;
			buildConfigurations = (
				652D91551AED01930025E8A8 /* Debug */,
				652D91561AED01930025E8A8 /* Release */,
			);
			defaultConfigurationIsVisible = 0;
		};
/* End XCConfigurationList section */
	};
	rootObject = 652D912A1AED01930025E8A8 /* Project object */;
}
